
Microsoft Visual Studio Solution File, Format Version 11.00
# Visual Studio 2010
Project("{FAE04EC0-301F-11D3-BF4B-00C04F79EFBC}") = "Assembly-CSharp", "Assembly-CSharp.csproj", "{e17d401a-bbee-dd7d-8529-b035cee758c3}"
EndProject
Project("{FAE04EC0-301F-11D3-BF4B-00C04F79EFBC}") = "Assembly-CSharp-Editor", "Assembly-CSharp-Editor.csproj", "{872d2582-219e-22f4-2000-67b3597790ee}"
EndProject
Global
	GlobalSection(SolutionConfigurationPlatforms) = preSolution
		Debug|Any CPU = Debug|Any CPU
	EndGlobalSection
	GlobalSection(ProjectConfigurationPlatforms) = postSolution
		{e17d401a-bbee-dd7d-8529-b035cee758c3}.Debug|Any CPU.ActiveCfg = Debug|Any CPU
		{e17d401a-bbee-dd7d-8529-b035cee758c3}.Debug|Any CPU.Build.0 = Debug|Any CPU
		{872d2582-219e-22f4-2000-67b3597790ee}.Debug|Any CPU.ActiveCfg = Debug|Any CPU
		{872d2582-219e-22f4-2000-67b3597790ee}.Debug|Any CPU.Build.0 = Debug|Any CPU
	EndGlobalSection
	GlobalSection(SolutionProperties) = preSolution
		HideSolutionNode = FALSE
	EndGlobalSection
EndGlobal
