
Microsoft Visual Studio Solution File, Format Version 11.00
# Visual Studio 2010
Project("{FAE04EC0-301F-11D3-BF4B-00C04F79EFBC}") = "Assembly-CSharp-Editor", "Assembly-CSharp-Editor.csproj", "{dec6f50e-8b50-442e-9bdd-753071529c5f}"
EndProject
Project("{FAE04EC0-301F-11D3-BF4B-00C04F79EFBC}") = "Assembly-CSharp", "Assembly-CSharp.csproj", "{c7d02c2b-0e04-82ad-ecf9-51271afb0270}"
EndProject
Global
	GlobalSection(SolutionConfigurationPlatforms) = preSolution
		Debug|Any CPU = Debug|Any CPU
	EndGlobalSection
	GlobalSection(ProjectConfigurationPlatforms) = postSolution
		{dec6f50e-8b50-442e-9bdd-753071529c5f}.Debug|Any CPU.ActiveCfg = Debug|Any CPU
		{dec6f50e-8b50-442e-9bdd-753071529c5f}.Debug|Any CPU.Build.0 = Debug|Any CPU
		{c7d02c2b-0e04-82ad-ecf9-51271afb0270}.Debug|Any CPU.ActiveCfg = Debug|Any CPU
		{c7d02c2b-0e04-82ad-ecf9-51271afb0270}.Debug|Any CPU.Build.0 = Debug|Any CPU
	EndGlobalSection
	GlobalSection(SolutionProperties) = preSolution
		HideSolutionNode = FALSE
	EndGlobalSection
EndGlobal
