
Microsoft Visual Studio Solution File, Format Version 11.00
# Visual Studio 2010
Project("{FAE04EC0-301F-11D3-BF4B-00C04F79EFBC}") = "Assembly-CSharp", "Assembly-CSharp.csproj", "{dd685979-f363-7c24-aca2-d357e231b823}"
EndProject
Project("{FAE04EC0-301F-11D3-BF4B-00C04F79EFBC}") = "Assembly-CSharp-Editor", "Assembly-CSharp-Editor.csproj", "{856b4cad-7c96-560b-07bc-4a2002085128}"
EndProject
Global
	GlobalSection(SolutionConfigurationPlatforms) = preSolution
		Debug|Any CPU = Debug|Any CPU
	EndGlobalSection
	GlobalSection(ProjectConfigurationPlatforms) = postSolution
		{dd685979-f363-7c24-aca2-d357e231b823}.Debug|Any CPU.ActiveCfg = Debug|Any CPU
		{dd685979-f363-7c24-aca2-d357e231b823}.Debug|Any CPU.Build.0 = Debug|Any CPU
		{856b4cad-7c96-560b-07bc-4a2002085128}.Debug|Any CPU.ActiveCfg = Debug|Any CPU
		{856b4cad-7c96-560b-07bc-4a2002085128}.Debug|Any CPU.Build.0 = Debug|Any CPU
	EndGlobalSection
	GlobalSection(SolutionProperties) = preSolution
		HideSolutionNode = FALSE
	EndGlobalSection
EndGlobal
